github.com/Tedyst/sqlitestore v0.0.0-20190801085407-9d526ef60b1c h1:p03st9VT5whr76xJKtvl7B6hsZ+SF/dPyxygdmovsIg=
github.com/Tedyst/sqlitestore v0.0.0-20190801085407-9d526ef60b1c/go.mod h1:BtG4lDIVy+rOfgotPGeJLnATLjd7X578QYuDTpHbQNQ=
github.com/davecgh/go-spew v1.1.0 h1:ZDRjVQ15GmhC3fiQ8ni8+OwkZQO4DARzQgrnXU1Liz8=
github.com/davecgh/go-spew v1.1.0/go.mod h1:J7Y8YcW2NihsgmVo/mv3lAwl/skON4iLHjSsI+c5H38=
github.com/ghodss/yaml v1.0.0 h1:wQHKEahhL6wmXdzwWG11gIVCkOv05bNOh+Rxn0yngAk=
github.com/ghodss/yaml v1.0.0/go.mod h1:4dBDuWmgqj2HViK6kFavaiC9ZROes6MMH2rRYeMEF04=
github.com/gorilla/securecookie v1.1.1 h1:miw7JPhV+b/lAHSXz4qd/nN9jRiAFV5FwjeKyCS8BvQ=
github.com/gorilla/securecookie v1.1.1/go.mod h1:ra0sb63/xPlUeL+yeDciTfxMRAA+MP+HVt/4epWDjd4=
github.com/gorilla/sessions v1.2.0 h1:S7P+1Hm5V/AT9cjEcUD5uDaQSX0OE577aCXgoaKpYbQ=
github.com/gorilla/sessions v1.2.0/go.mod h1:dk2InVEVJ0sfLlnXv9EAgkf6ecYs/i80K/zI+bUmuGM=
github.com/koesie10/webauthn v0.3.5-0.20190427130103-61460705ee9a h1:BDEdcYeD1RMan0qYNHZvVV/LgFgifuHAEopfYG10uTI=
github.com/koesie10/webauthn v0.3.5-0.20190427130103-61460705ee9a/go.mod h1:YCf/fQSaP4KR9rz11i5d0+Alppy/SDUb2MScZ5Gvj4s=
github.com/mattn/go-sqlite3 v1.10.1-0.20190716071503-d6f416f91c46 h1:sNCCTR5oH15dN6iHyo5rOqzYYlSsEHRaCbBeYrpnRX4=
github.com/mattn/go-sqlite3 v1.10.1-0.20190716071503-d6f416f91c46/go.mod h1:FPy6KqzDD04eiIsT53CuJW3U88zkxoIYsOqkbpncsNc=
github.com/michaeljs1990/sqlitestore v0.0.0-20171009140204-37b8425f7b43 h1:k7zYU+otKmsJVi9IAsowkZ5SlkqxRq+rqdhprb492HA=
github.com/michaeljs1990/sqlitestore v0.0.0-20171009140204-37b8425f7b43/go.mod h1:N6aiMetO+sSN0h4VC8RjkwiljKaZmgPsWzZG+mk6oec=
github.com/pkg/errors v0.8.0 h1:WdK/asTD0HN+q6hsWO3/vpuAkAr+tw6aNJNDFFf0+qw=
github.com/pkg/errors v0.8.0/go.mod h1:bwawxfHBFNV+L2hUp1rHADufV3IMtnDRdf1r5NINEl0=
github.com/pmezard/go-difflib v1.0.0 h1:4DBwDE0NGyQoBHbLQYPwSUPoCMWR5BEzIk/f1lZbAQM=
github.com/pmezard/go-difflib v1.0.0/go.mod h1:iKH77koFhYxTK1pcRnkKkqfTogsbg7gZNVY4sRDYZ/4=
github.com/stretchr/objx v0.1.0/go.mod h1:HFkY916IF+rwdDfMAkV7OtwuqBVzrE8GR6GFx+wExME=
github.com/stretchr/testify v1.3.0 h1:TivCn/peBQ7UY8ooIcPgZFpTNSz0Q2U6UrFlUfqbe0Q=
github.com/stretchr/testify v1.3.0/go.mod h1:M5WIy9Dh21IEIfnGCwXGc5bZfKNJtfHm1UVUgZn+9EI=
github.com/tkanos/gonfig v0.0.0-20181112185242-896f3d81fadf h1:sepG1nOX39NO8y8E+sYMkkKSDxiAfZ0XL0l0+vogwBw=
github.com/tkanos/gonfig v0.0.0-20181112185242-896f3d81fadf/go.mod h1:DaZPBuToMc2eezA9R9nDAnmS2RMwL7yEa5YD36ESQdI=
github.com/ugorji/go/codec v0.0.0-20180918125716-ed9a3b5f078b h1:pvvReAGi9NbL0Z7RgD5a7GFc3WAW0oE9q57MfVKlstw=
github.com/ugorji/go/codec v0.0.0-20180918125716-ed9a3b5f078b/go.mod h1:VFNgLljTbGfSG7qAOspJ7OScBnGdDN/yBr0sguwnwf0=
go.uber.org/atomic v1.4.0 h1:cxzIVoETapQEqDhQu3QfnvXAV4AlzcvUCxkVUFw3+EU=
go.uber.org/atomic v1.4.0/go.mod h1:gD2HeocX3+yG+ygLZcrzQJaqmWj9AIm7n08wl/qW/PE=
go.uber.org/multierr v1.1.0 h1:HoEmRHQPVSqub6w2z2d2EOVs2fjyFRGyofhKuyDq0QI=
go.uber.org/multierr v1.1.0/go.mod h1:wR5kodmAFQ0UK8QlbwjlSNy0Z68gJhDJUG5sjR94q/0=
go.uber.org/zap v1.10.0 h1:ORx85nbTijNz8ljznvCMR1ZBIPKFn3jQrag10X2AsuM=
go.uber.org/zap v1.10.0/go.mod h1:vwi/ZaCAaUcBkycHslxD9B2zi4UTXhF60s6SWpuDF0Q=
golang.org/x/crypto v0.0.0-20181024171144-74cb1d3d52f4 h1:4v3KN0hcTEAkyusBypx0RrpPAhKsTP3YXj10LonM8J8=
golang.org/x/crypto v0.0.0-20181024171144-74cb1d3d52f4/go.mod h1:6SG95UA2DQfeDnfUPMdvaQW0Q7yPrPDi9nlGo2tz2b4=
gopkg.in/check.v1 v0.0.0-20161208181325-20d25e280405 h1:yhCVgyC4o1eVCa2tZl7eS0r+SDo693bJlVdllGtEeKM=
gopkg.in/check.v1 v0.0.0-20161208181325-20d25e280405/go.mod h1:Co6ibVJAznAaIkqp8huTwlJQCZ016jof/cbN4VW5Yz0=
gopkg.in/square/go-jose.v2 v2.1.9 h1:YCFbL5T2gbmC2sMG12s1x2PAlTK5TZNte3hjZEIcCAg=
gopkg.in/square/go-jose.v2 v2.1.9/go.mod h1:M9dMgbHiYLoDGQrXy7OpJDJWiKiU//h+vD76mk0e1AI=
gopkg.in/yaml.v2 v2.2.2 h1:ZCJp+EgiOT7lHqUV2J862kp8Qj64Jo6az82+3Td9dZw=
gopkg.in/yaml.v2 v2.2.2/go.mod h1:hI93XBmqTisBFMUTm0b8Fm+jr3Dg1NNxqwp+5A1VGuI=
